
Microsoft Visual Studio Solution File, Format Version 12.00
# Visual Studio 15
VisualStudioVersion = 15.0.28307.1401
MinimumVisualStudioVersion = 10.0.40219.1
Project("{FAE04EC0-301F-11D3-BF4B-00C04F79EFBC}") = "IDP_LAB10", "IDP_LAB10\IDP_LAB10.csproj", "{798CD3DF-1D77-4324-B8F5-A379C0FDE44A}"
EndProject
Global
	GlobalSection(SolutionConfigurationPlatforms) = preSolution
		Debug|Any CPU = Debug|Any CPU
		Release|Any CPU = Release|Any CPU
	EndGlobalSection
	GlobalSection(ProjectConfigurationPlatforms) = postSolution
		{798CD3DF-1D77-4324-B8F5-A379C0FDE44A}.Debug|Any CPU.ActiveCfg = Debug|Any CPU
		{798CD3DF-1D77-4324-B8F5-A379C0FDE44A}.Debug|Any CPU.Build.0 = Debug|Any CPU
		{798CD3DF-1D77-4324-B8F5-A379C0FDE44A}.Release|Any CPU.ActiveCfg = Release|Any CPU
		{798CD3DF-1D77-4324-B8F5-A379C0FDE44A}.Release|Any CPU.Build.0 = Release|Any CPU
	EndGlobalSection
	GlobalSection(SolutionProperties) = preSolution
		HideSolutionNode = FALSE
	EndGlobalSection
	GlobalSection(ExtensibilityGlobals) = postSolution
		SolutionGuid = {264D6B6C-8079-47EA-BD3F-4D59D7B01BEE}
	EndGlobalSection
EndGlobal
